
Microsoft Visual Studio Solution File, Format Version 12.00
# Visual Studio Version 17
VisualStudioVersion = 17.5.33502.453
MinimumVisualStudioVersion = 10.0.40219.1
Project("{9A19103F-16F7-4668-BE54-9A1E7A4F7556}") = "CRS", "CRS\CRS.csproj", "{F468E1C4-D88D-45A8-B6CA-B1462A819369}"
EndProject
Project("{9A19103F-16F7-4668-BE54-9A1E7A4F7556}") = "GeneratorTests", "GeneratorTests\GeneratorTests.csproj", "{7DD9B152-B0E5-4900-AAC6-BFDC47F2B771}"
EndProject
Project("{9A19103F-16F7-4668-BE54-9A1E7A4F7556}") = "FiniteFields", "FiniteFields\FiniteFields\FiniteFields.csproj", "{6B4657D1-4B82-45F2-8EE5-8BBD1826C6DE}"
EndProject
Global
	GlobalSection(SolutionConfigurationPlatforms) = preSolution
		Debug|Any CPU = Debug|Any CPU
		Release|Any CPU = Release|Any CPU
	EndGlobalSection
	GlobalSection(ProjectConfigurationPlatforms) = postSolution
		{F468E1C4-D88D-45A8-B6CA-B1462A819369}.Debug|Any CPU.ActiveCfg = Debug|Any CPU
		{F468E1C4-D88D-45A8-B6CA-B1462A819369}.Debug|Any CPU.Build.0 = Debug|Any CPU
		{F468E1C4-D88D-45A8-B6CA-B1462A819369}.Release|Any CPU.ActiveCfg = Release|Any CPU
		{F468E1C4-D88D-45A8-B6CA-B1462A819369}.Release|Any CPU.Build.0 = Release|Any CPU
		{7DD9B152-B0E5-4900-AAC6-BFDC47F2B771}.Debug|Any CPU.ActiveCfg = Debug|Any CPU
		{7DD9B152-B0E5-4900-AAC6-BFDC47F2B771}.Debug|Any CPU.Build.0 = Debug|Any CPU
		{7DD9B152-B0E5-4900-AAC6-BFDC47F2B771}.Release|Any CPU.ActiveCfg = Release|Any CPU
		{7DD9B152-B0E5-4900-AAC6-BFDC47F2B771}.Release|Any CPU.Build.0 = Release|Any CPU
		{6B4657D1-4B82-45F2-8EE5-8BBD1826C6DE}.Debug|Any CPU.ActiveCfg = Debug|Any CPU
		{6B4657D1-4B82-45F2-8EE5-8BBD1826C6DE}.Debug|Any CPU.Build.0 = Debug|Any CPU
		{6B4657D1-4B82-45F2-8EE5-8BBD1826C6DE}.Release|Any CPU.ActiveCfg = Release|Any CPU
		{6B4657D1-4B82-45F2-8EE5-8BBD1826C6DE}.Release|Any CPU.Build.0 = Release|Any CPU
	EndGlobalSection
	GlobalSection(SolutionProperties) = preSolution
		HideSolutionNode = FALSE
	EndGlobalSection
	GlobalSection(ExtensibilityGlobals) = postSolution
		SolutionGuid = {C56C4183-C8AC-48AD-B4B0-4E109999FE74}
	EndGlobalSection
EndGlobal
